{
  "version": 4,
  "terraform_version": "0.15.3",
  "serial": 506,
  "lineage": "b4060d7d-6c9c-7a84-9bc2-60f542e56438",
  "outputs": {
    "Private_Ip_address": {
      "value": [
        [
          "10.0.2.6",
          "10.0.2.5"
        ]
      ],
      "type": [
        "tuple",
        [
          [
            "tuple",
            [
              "string",
              "string"
            ]
          ]
        ]
      ]
    },
    "dbasename": {
      "value": "postgresql-database",
      "type": "string"
    },
    "hostname": {
      "value": [
        [
          "group8-linux-vm1",
          "group8-linux-vm2"
        ]
      ],
      "type": [
        "tuple",
        [
          [
            "tuple",
            [
              "string",
              "string"
            ]
          ]
        ]
      ]
    },
    "loadbalancer": {
      "value": "azureLoadBalancer",
      "type": "string"
    },
    "pubic_Ip_address": {
      "value": [
        [
          "20.63.99.104",
          "20.63.99.59"
        ]
      ],
      "type": [
        "tuple",
        [
          [
            "tuple",
            [
              "string",
              "string"
            ]
          ]
        ]
      ]
    },
    "storage_analytic": {
      "value": "log-analytics",
      "type": "string"
    },
    "storage_blob": {
      "value": "storage_account_blob",
      "type": "string"
    },
    "storage_vault": {
      "value": "linux-recovery-vault",
      "type": "string"
    },
    "virtual_network_address": {
      "value": [
        "10.0.0.0/16"
      ],
      "type": [
        "list",
        "string"
      ]
    },
    "virtual_network_name": {
      "value": "network-vnet",
      "type": "string"
    },
    "win_host": {
      "value": [
        "group8-w-vm"
      ],
      "type": [
        "tuple",
        [
          "string"
        ]
      ],
      "sensitive": true
    },
    "win_pubic_Ip_address": {
      "value": {
        "group8-w-vm": {
          "allocation_method": "Dynamic",
          "domain_name_label": null,
          "fqdn": null,
          "id": "/subscriptions/a66e4b04-0385-474f-b82c-f588235d405a/resourceGroups/group8-assignment1-rg/providers/Microsoft.Network/publicIPAddresses/group8-w-vm-pip",
          "idle_timeout_in_minutes": 4,
          "ip_address": "",
          "ip_version": "IPv4",
          "location": "canadacentral",
          "name": "group8-w-vm-pip",
          "public_ip_prefix_id": null,
          "resource_group_name": "group8-assignment1-rg",
          "reverse_fqdn": null,
          "sku": "Basic",
          "tags": {
            "Environment": "assignment1 1",
            "ExpirationDate": "2021-07-31",
            "GroupMembers": "Fathima and Godwin",
            "Name": "Terraform Group Project"
          },
          "timeouts": null,
          "zones": null
        }
      },
      "type": [
        "object",
        {
          "group8-w-vm": [
            "object",
            {
              "allocation_method": "string",
              "domain_name_label": "string",
              "fqdn": "string",
              "id": "string",
              "idle_timeout_in_minutes": "number",
              "ip_address": "string",
              "ip_version": "string",
              "location": "string",
              "name": "string",
              "public_ip_prefix_id": "string",
              "resource_group_name": "string",
              "reverse_fqdn": "string",
              "sku": "string",
              "tags": [
                "map",
                "string"
              ],
              "timeouts": [
                "object",
                {
                  "create": "string",
                  "delete": "string",
                  "read": "string",
                  "update": "string"
                }
              ],
              "zones": [
                "list",
                "string"
              ]
            }
          ]
        }
      ]
    }
  },
  "resources": [
    {
      "module": "module.common",
      "mode": "managed",
      "type": "azurerm_storage_blob",
      "name": "accountblob",
      "provider": "provider[\"registry.terraform.io/hashicorp/azurerm\"]",
      "instances": []
    },
    {
      "module": "module.common",
      "mode": "managed",
      "type": "azurerm_storage_container",
      "name": "container",
      "provider": "provider[\"registry.terraform.io/hashicorp/azurerm\"]",
      "instances": []
    },
    {
      "module": "module.database",
      "mode": "managed",
      "type": "azurerm_postgresql_database",
      "name": "pg_dbase",
      "provider": "provider[\"registry.terraform.io/hashicorp/azurerm\"]",
      "instances": []
    },
    {
      "module": "module.datadisk",
      "mode": "managed",
      "type": "azurerm_managed_disk",
      "name": "linuxmanage_disk",
      "provider": "provider[\"registry.terraform.io/hashicorp/azurerm\"]",
      "instances": [
        {
          "schema_version": 0,
          "attributes": {
            "create_option": "Empty",
            "disk_encryption_set_id": "",
            "disk_iops_read_write": 500,
            "disk_mbps_read_write": 60,
            "disk_size_gb": 10,
            "encryption_settings": [],
            "id": "/subscriptions/a66e4b04-0385-474f-b82c-f588235d405a/resourceGroups/group8-assignment1-rg/providers/Microsoft.Compute/disks/managedisk",
            "image_reference_id": "",
            "location": "canadacentral",
            "name": "managedisk",
            "os_type": "",
            "resource_group_name": "group8-assignment1-rg",
            "source_resource_id": "",
            "source_uri": "",
            "storage_account_id": "",
            "storage_account_type": "Standard_LRS",
            "tags": null,
            "timeouts": null,
            "zones": null
          },
          "sensitive_attributes": [],
          "private": "eyJlMmJmYjczMC1lY2FhLTExZTYtOGY4OC0zNDM2M2JjN2M0YzAiOnsiY3JlYXRlIjoxODAwMDAwMDAwMDAwLCJkZWxldGUiOjE4MDAwMDAwMDAwMDAsInJlYWQiOjMwMDAwMDAwMDAwMCwidXBkYXRlIjoxODAwMDAwMDAwMDAwfX0=",
          "dependencies": [
            "module.linux.azurerm_availability_set.av_set",
            "module.linux.azurerm_linux_virtual_machine.linuxvm1",
            "module.linux.azurerm_managed_disk.linuxmanage_disk",
            "module.linux.azurerm_network_interface.vm1_nic",
            "module.linux.azurerm_public_ip.vm1_pip",
            "module.linux.azurerm_virtual_machine_data_disk_attachment.attachedDisk",
            "module.linux.null_resource.linux_provisioner",
            "module.network.azurerm_subnet.subnet1",
            "module.network.azurerm_virtual_network.vnet1",
            "module.resource_group.azurerm_resource_group.rgp1"
          ]
        }
      ]
    },
    {
      "module": "module.datadisk",
      "mode": "managed",
      "type": "azurerm_managed_disk",
      "name": "winmanage_disk",
      "provider": "provider[\"registry.terraform.io/hashicorp/azurerm\"]",
      "instances": [
        {
          "schema_version": 0,
          "attributes": {
            "create_option": "Empty",
            "disk_encryption_set_id": "",
            "disk_iops_read_write": 500,
            "disk_mbps_read_write": 60,
            "disk_size_gb": 10,
            "encryption_settings": [],
            "id": "/subscriptions/a66e4b04-0385-474f-b82c-f588235d405a/resourceGroups/group8-assignment1-rg/providers/Microsoft.Compute/disks/managedisk",
            "image_reference_id": "",
            "location": "canadacentral",
            "name": "managedisk",
            "os_type": "",
            "resource_group_name": "group8-assignment1-rg",
            "source_resource_id": "",
            "source_uri": "",
            "storage_account_id": "",
            "storage_account_type": "Standard_LRS",
            "tags": null,
            "timeouts": null,
            "zones": null
          },
          "sensitive_attributes": [],
          "private": "eyJlMmJmYjczMC1lY2FhLTExZTYtOGY4OC0zNDM2M2JjN2M0YzAiOnsiY3JlYXRlIjoxODAwMDAwMDAwMDAwLCJkZWxldGUiOjE4MDAwMDAwMDAwMDAsInJlYWQiOjMwMDAwMDAwMDAwMCwidXBkYXRlIjoxODAwMDAwMDAwMDAwfX0=",
          "dependencies": [
            "module.linux.azurerm_availability_set.av_set",
            "module.linux.azurerm_linux_virtual_machine.linuxvm1",
            "module.linux.azurerm_managed_disk.linuxmanage_disk",
            "module.linux.azurerm_network_interface.vm1_nic",
            "module.linux.azurerm_public_ip.vm1_pip",
            "module.linux.azurerm_virtual_machine_data_disk_attachment.attachedDisk",
            "module.linux.null_resource.linux_provisioner",
            "module.network.azurerm_subnet.subnet1",
            "module.network.azurerm_virtual_network.vnet1",
            "module.resource_group.azurerm_resource_group.rgp1"
          ]
        }
      ]
    },
    {
      "module": "module.linux",
      "mode": "managed",
      "type": "azurerm_availability_set",
      "name": "av_set",
      "provider": "provider[\"registry.terraform.io/hashicorp/azurerm\"]",
      "instances": [
        {
          "schema_version": 0,
          "attributes": {
            "id": "/subscriptions/a66e4b04-0385-474f-b82c-f588235d405a/resourceGroups/group8-assignment1-rg/providers/Microsoft.Compute/availabilitySets/linux_avs",
            "location": "canadacentral",
            "managed": true,
            "name": "linux_avs",
            "platform_fault_domain_count": 3,
            "platform_update_domain_count": 5,
            "proximity_placement_group_id": null,
            "resource_group_name": "group8-assignment1-rg",
            "tags": null,
            "timeouts": null
          },
          "sensitive_attributes": [],
          "private": "eyJlMmJmYjczMC1lY2FhLTExZTYtOGY4OC0zNDM2M2JjN2M0YzAiOnsiY3JlYXRlIjoxODAwMDAwMDAwMDAwLCJkZWxldGUiOjE4MDAwMDAwMDAwMDAsInJlYWQiOjMwMDAwMDAwMDAwMCwidXBkYXRlIjoxODAwMDAwMDAwMDAwfX0=",
          "dependencies": [
            "module.resource_group.azurerm_resource_group.rgp1"
          ]
        }
      ]
    },
    {
      "module": "module.linux",
      "mode": "managed",
      "type": "azurerm_linux_virtual_machine",
      "name": "linuxvm1",
      "provider": "provider[\"registry.terraform.io/hashicorp/azurerm\"]",
      "instances": [
        {
          "index_key": 0,
          "schema_version": 0,
          "attributes": {
            "additional_capabilities": [],
            "admin_password": null,
            "admin_ssh_key": [
              {
                "public_key": "ssh-rsa AAAAB3NzaC1yc2EAAAADAQABAAABgQDOJFxjFbHKlDWLU0USqS6kw+hJwZvDrV7LkeeU/RueEKIoyOTUYQCZknx+uy2u4gvlePqhFbnv66XoQ7aEHU8q+duHw5CRi7uzBHLSibapdQEnfoAGb6Eier2/HpTu5PL40i3XQNqqnIrueR2JQ09+1X/wiLxQ2fS3OB4UH5Gt2wPP0X8m6EF9ZvXznQDuMpr/drra+2DTSROmXzgfY9TAgbe7avuae4W0EtLT2gDgU954/tsDDASoaO1Su4k+kyezMyY9/gehDIHu6Rlbip2Mg34YbqsrgsGumXYBHIYpsWm0j1ErHUPB8oTLEJQQMBmc+LbBpOomIVvKrxu8NGVkJpKC6eNomJ36uiYYFKNCOsJ0ka04Nf3776iGcmb83SeiPleeYOSsE1q6+Ru/HxDOCoKCZhFGXj973KM61TO9g0KhtuqD+eCaVsaaRGGwtsWS6iDEGYJiBvSXuHpb9bLBY/l1kJMSW0tu82JNXD0v6ZywL36Oc/XtSwdBhHi7IL0= auto@automation\n",
                "username": "auto"
              }
            ],
            "admin_username": "auto",
            "allow_extension_operations": true,
            "availability_set_id": "/subscriptions/a66e4b04-0385-474f-b82c-f588235d405a/resourceGroups/group8-assignment1-rg/providers/Microsoft.Compute/availabilitySets/LINUX_AVS",
            "boot_diagnostics": [],
            "computer_name": "group8-linux-vm-1",
            "custom_data": null,
            "dedicated_host_id": "",
            "disable_password_authentication": true,
            "encryption_at_host_enabled": false,
            "eviction_policy": "",
            "extensions_time_budget": "PT1H30M",
            "id": "/subscriptions/a66e4b04-0385-474f-b82c-f588235d405a/resourceGroups/group8-assignment1-rg/providers/Microsoft.Compute/virtualMachines/group8-linux-vm1",
            "identity": [],
            "location": "canadacentral",
            "max_bid_price": -1,
            "name": "group8-linux-vm1",
            "network_interface_ids": [
              "/subscriptions/a66e4b04-0385-474f-b82c-f588235d405a/resourceGroups/group8-assignment1-rg/providers/Microsoft.Network/networkInterfaces/group8-linux-vm-nic-2"
            ],
            "os_disk": [
              {
                "caching": "ReadWrite",
                "diff_disk_settings": [],
                "disk_encryption_set_id": "",
                "disk_size_gb": 30,
                "name": "group8-linux-vm-os-disk1",
                "storage_account_type": "Premium_LRS",
                "write_accelerator_enabled": false
              }
            ],
            "plan": [],
            "priority": "Regular",
            "private_ip_address": "10.0.2.6",
            "private_ip_addresses": [
              "10.0.2.6"
            ],
            "provision_vm_agent": true,
            "proximity_placement_group_id": "",
            "public_ip_address": "20.63.99.104",
            "public_ip_addresses": [
              "20.63.99.104"
            ],
            "resource_group_name": "group8-assignment1-rg",
            "secret": [],
            "size": "Standard_B1s",
            "source_image_id": "",
            "source_image_reference": [
              {
                "offer": "CentOs",
                "publisher": "OpenLogic",
                "sku": "7.5",
                "version": "latest"
              }
            ],
            "tags": {
              "Environment": "assignment1 1",
              "ExpirationDate": "2021-07-31",
              "GroupMembers": "Fathima and Godwin",
              "Name": "Terraform Group Project"
            },
            "timeouts": null,
            "virtual_machine_id": "4308a11b-0af1-4d26-8c75-ff6510f2f527",
            "virtual_machine_scale_set_id": "",
            "zone": ""
          },
          "sensitive_attributes": [],
          "private": "eyJlMmJmYjczMC1lY2FhLTExZTYtOGY4OC0zNDM2M2JjN2M0YzAiOnsiY3JlYXRlIjoyNzAwMDAwMDAwMDAwLCJkZWxldGUiOjI3MDAwMDAwMDAwMDAsInJlYWQiOjMwMDAwMDAwMDAwMCwidXBkYXRlIjoyNzAwMDAwMDAwMDAwfX0=",
          "dependencies": [
            "module.linux.azurerm_availability_set.av_set",
            "module.linux.azurerm_network_interface.vm1_nic",
            "module.linux.azurerm_public_ip.vm1_pip",
            "module.network.azurerm_subnet.subnet1",
            "module.network.azurerm_virtual_network.vnet1",
            "module.resource_group.azurerm_resource_group.rgp1"
          ]
        },
        {
          "index_key": 1,
          "schema_version": 0,
          "attributes": {
            "additional_capabilities": [],
            "admin_password": null,
            "admin_ssh_key": [
              {
                "public_key": "ssh-rsa AAAAB3NzaC1yc2EAAAADAQABAAABgQDOJFxjFbHKlDWLU0USqS6kw+hJwZvDrV7LkeeU/RueEKIoyOTUYQCZknx+uy2u4gvlePqhFbnv66XoQ7aEHU8q+duHw5CRi7uzBHLSibapdQEnfoAGb6Eier2/HpTu5PL40i3XQNqqnIrueR2JQ09+1X/wiLxQ2fS3OB4UH5Gt2wPP0X8m6EF9ZvXznQDuMpr/drra+2DTSROmXzgfY9TAgbe7avuae4W0EtLT2gDgU954/tsDDASoaO1Su4k+kyezMyY9/gehDIHu6Rlbip2Mg34YbqsrgsGumXYBHIYpsWm0j1ErHUPB8oTLEJQQMBmc+LbBpOomIVvKrxu8NGVkJpKC6eNomJ36uiYYFKNCOsJ0ka04Nf3776iGcmb83SeiPleeYOSsE1q6+Ru/HxDOCoKCZhFGXj973KM61TO9g0KhtuqD+eCaVsaaRGGwtsWS6iDEGYJiBvSXuHpb9bLBY/l1kJMSW0tu82JNXD0v6ZywL36Oc/XtSwdBhHi7IL0= auto@automation\n",
                "username": "auto"
              }
            ],
            "admin_username": "auto",
            "allow_extension_operations": true,
            "availability_set_id": "/subscriptions/a66e4b04-0385-474f-b82c-f588235d405a/resourceGroups/group8-assignment1-rg/providers/Microsoft.Compute/availabilitySets/LINUX_AVS",
            "boot_diagnostics": [],
            "computer_name": "group8-linux-vm-2",
            "custom_data": null,
            "dedicated_host_id": "",
            "disable_password_authentication": true,
            "encryption_at_host_enabled": false,
            "eviction_policy": "",
            "extensions_time_budget": "PT1H30M",
            "id": "/subscriptions/a66e4b04-0385-474f-b82c-f588235d405a/resourceGroups/group8-assignment1-rg/providers/Microsoft.Compute/virtualMachines/group8-linux-vm2",
            "identity": [],
            "location": "canadacentral",
            "max_bid_price": -1,
            "name": "group8-linux-vm2",
            "network_interface_ids": [
              "/subscriptions/a66e4b04-0385-474f-b82c-f588235d405a/resourceGroups/group8-assignment1-rg/providers/Microsoft.Network/networkInterfaces/group8-linux-vm-nic-1"
            ],
            "os_disk": [
              {
                "caching": "ReadWrite",
                "diff_disk_settings": [],
                "disk_encryption_set_id": "",
                "disk_size_gb": 30,
                "name": "group8-linux-vm-os-disk2",
                "storage_account_type": "Premium_LRS",
                "write_accelerator_enabled": false
              }
            ],
            "plan": [],
            "priority": "Regular",
            "private_ip_address": "10.0.2.5",
            "private_ip_addresses": [
              "10.0.2.5"
            ],
            "provision_vm_agent": true,
            "proximity_placement_group_id": "",
            "public_ip_address": "20.63.99.59",
            "public_ip_addresses": [
              "20.63.99.59"
            ],
            "resource_group_name": "group8-assignment1-rg",
            "secret": [],
            "size": "Standard_B1s",
            "source_image_id": "",
            "source_image_reference": [
              {
                "offer": "CentOs",
                "publisher": "OpenLogic",
                "sku": "7.5",
                "version": "latest"
              }
            ],
            "tags": {
              "Environment": "assignment1 1",
              "ExpirationDate": "2021-07-31",
              "GroupMembers": "Fathima and Godwin",
              "Name": "Terraform Group Project"
            },
            "timeouts": null,
            "virtual_machine_id": "6c066d1b-278b-47c1-973b-303c541ad7c2",
            "virtual_machine_scale_set_id": "",
            "zone": ""
          },
          "sensitive_attributes": [],
          "private": "eyJlMmJmYjczMC1lY2FhLTExZTYtOGY4OC0zNDM2M2JjN2M0YzAiOnsiY3JlYXRlIjoyNzAwMDAwMDAwMDAwLCJkZWxldGUiOjI3MDAwMDAwMDAwMDAsInJlYWQiOjMwMDAwMDAwMDAwMCwidXBkYXRlIjoyNzAwMDAwMDAwMDAwfX0=",
          "dependencies": [
            "module.linux.azurerm_availability_set.av_set",
            "module.linux.azurerm_network_interface.vm1_nic",
            "module.linux.azurerm_public_ip.vm1_pip",
            "module.network.azurerm_subnet.subnet1",
            "module.network.azurerm_virtual_network.vnet1",
            "module.resource_group.azurerm_resource_group.rgp1"
          ]
        }
      ]
    },
    {
      "module": "module.linux",
      "mode": "managed",
      "type": "azurerm_managed_disk",
      "name": "linuxmanage_disk",
      "provider": "provider[\"registry.terraform.io/hashicorp/azurerm\"]",
      "instances": [
        {
          "schema_version": 0,
          "attributes": {
            "create_option": "Empty",
            "disk_encryption_set_id": "",
            "disk_iops_read_write": 500,
            "disk_mbps_read_write": 60,
            "disk_size_gb": 10,
            "encryption_settings": [],
            "id": "/subscriptions/a66e4b04-0385-474f-b82c-f588235d405a/resourceGroups/group8-assignment1-rg/providers/Microsoft.Compute/disks/linux-vm-disk",
            "image_reference_id": "",
            "location": "canadacentral",
            "name": "linux-vm-disk",
            "os_type": "",
            "resource_group_name": "group8-assignment1-rg",
            "source_resource_id": "",
            "source_uri": "",
            "storage_account_id": "",
            "storage_account_type": "Standard_LRS",
            "tags": null,
            "timeouts": null,
            "zones": null
          },
          "sensitive_attributes": [],
          "private": "eyJlMmJmYjczMC1lY2FhLTExZTYtOGY4OC0zNDM2M2JjN2M0YzAiOnsiY3JlYXRlIjoxODAwMDAwMDAwMDAwLCJkZWxldGUiOjE4MDAwMDAwMDAwMDAsInJlYWQiOjMwMDAwMDAwMDAwMCwidXBkYXRlIjoxODAwMDAwMDAwMDAwfX0=",
          "dependencies": [
            "module.resource_group.azurerm_resource_group.rgp1"
          ]
        }
      ]
    },
    {
      "module": "module.linux",
      "mode": "managed",
      "type": "azurerm_network_interface",
      "name": "vm1_nic",
      "provider": "provider[\"registry.terraform.io/hashicorp/azurerm\"]",
      "instances": [
        {
          "index_key": 0,
          "schema_version": 0,
          "attributes": {
            "applied_dns_servers": [],
            "dns_servers": [],
            "enable_accelerated_networking": false,
            "enable_ip_forwarding": false,
            "id": "/subscriptions/a66e4b04-0385-474f-b82c-f588235d405a/resourceGroups/group8-assignment1-rg/providers/Microsoft.Network/networkInterfaces/group8-linux-vm-nic-1",
            "internal_dns_name_label": "",
            "internal_domain_name_suffix": "ephy3zd434cuhgsqr4kk4g0bqb.ux.internal.cloudapp.net",
            "ip_configuration": [
              {
                "name": "group8-linux-vm-ip-1",
                "primary": true,
                "private_ip_address": "10.0.2.5",
                "private_ip_address_allocation": "Dynamic",
                "private_ip_address_version": "IPv4",
                "public_ip_address_id": "/subscriptions/a66e4b04-0385-474f-b82c-f588235d405a/resourceGroups/group8-assignment1-rg/providers/Microsoft.Network/publicIPAddresses/group8-linux-vm-pip-1",
                "subnet_id": "/subscriptions/a66e4b04-0385-474f-b82c-f588235d405a/resourceGroups/group8-assignment1-rg/providers/Microsoft.Network/virtualNetworks/network-vnet/subnets/lab01-subnet1"
              }
            ],
            "location": "canadacentral",
            "mac_address": "",
            "name": "group8-linux-vm-nic-1",
            "private_ip_address": "10.0.2.5",
            "private_ip_addresses": [
              "10.0.2.5"
            ],
            "resource_group_name": "group8-assignment1-rg",
            "tags": {
              "Environment": "assignment1 1",
              "ExpirationDate": "2021-07-31",
              "GroupMembers": "Fathima and Godwin",
              "Name": "Terraform Group Project"
            },
            "timeouts": null,
            "virtual_machine_id": ""
          },
          "sensitive_attributes": [],
          "private": "eyJlMmJmYjczMC1lY2FhLTExZTYtOGY4OC0zNDM2M2JjN2M0YzAiOnsiY3JlYXRlIjoxODAwMDAwMDAwMDAwLCJkZWxldGUiOjE4MDAwMDAwMDAwMDAsInJlYWQiOjMwMDAwMDAwMDAwMCwidXBkYXRlIjoxODAwMDAwMDAwMDAwfX0=",
          "dependencies": [
            "module.linux.azurerm_public_ip.vm1_pip",
            "module.network.azurerm_subnet.subnet1",
            "module.network.azurerm_virtual_network.vnet1",
            "module.resource_group.azurerm_resource_group.rgp1"
          ]
        },
        {
          "index_key": 1,
          "schema_version": 0,
          "attributes": {
            "applied_dns_servers": [],
            "dns_servers": [],
            "enable_accelerated_networking": false,
            "enable_ip_forwarding": false,
            "id": "/subscriptions/a66e4b04-0385-474f-b82c-f588235d405a/resourceGroups/group8-assignment1-rg/providers/Microsoft.Network/networkInterfaces/group8-linux-vm-nic-2",
            "internal_dns_name_label": "",
            "internal_domain_name_suffix": "ephy3zd434cuhgsqr4kk4g0bqb.ux.internal.cloudapp.net",
            "ip_configuration": [
              {
                "name": "group8-linux-vm-ip-2",
                "primary": true,
                "private_ip_address": "10.0.2.6",
                "private_ip_address_allocation": "Dynamic",
                "private_ip_address_version": "IPv4",
                "public_ip_address_id": "/subscriptions/a66e4b04-0385-474f-b82c-f588235d405a/resourceGroups/group8-assignment1-rg/providers/Microsoft.Network/publicIPAddresses/group8-linux-vm-pip-2",
                "subnet_id": "/subscriptions/a66e4b04-0385-474f-b82c-f588235d405a/resourceGroups/group8-assignment1-rg/providers/Microsoft.Network/virtualNetworks/network-vnet/subnets/lab01-subnet1"
              }
            ],
            "location": "canadacentral",
            "mac_address": "",
            "name": "group8-linux-vm-nic-2",
            "private_ip_address": "10.0.2.6",
            "private_ip_addresses": [
              "10.0.2.6"
            ],
            "resource_group_name": "group8-assignment1-rg",
            "tags": {
              "Environment": "assignment1 1",
              "ExpirationDate": "2021-07-31",
              "GroupMembers": "Fathima and Godwin",
              "Name": "Terraform Group Project"
            },
            "timeouts": null,
            "virtual_machine_id": ""
          },
          "sensitive_attributes": [],
          "private": "eyJlMmJmYjczMC1lY2FhLTExZTYtOGY4OC0zNDM2M2JjN2M0YzAiOnsiY3JlYXRlIjoxODAwMDAwMDAwMDAwLCJkZWxldGUiOjE4MDAwMDAwMDAwMDAsInJlYWQiOjMwMDAwMDAwMDAwMCwidXBkYXRlIjoxODAwMDAwMDAwMDAwfX0=",
          "dependencies": [
            "module.linux.azurerm_public_ip.vm1_pip",
            "module.network.azurerm_subnet.subnet1",
            "module.network.azurerm_virtual_network.vnet1",
            "module.resource_group.azurerm_resource_group.rgp1"
          ]
        }
      ]
    },
    {
      "module": "module.linux",
      "mode": "managed",
      "type": "azurerm_public_ip",
      "name": "vm1_pip",
      "provider": "provider[\"registry.terraform.io/hashicorp/azurerm\"]",
      "instances": [
        {
          "index_key": 0,
          "schema_version": 0,
          "attributes": {
            "allocation_method": "Dynamic",
            "domain_name_label": null,
            "fqdn": null,
            "id": "/subscriptions/a66e4b04-0385-474f-b82c-f588235d405a/resourceGroups/group8-assignment1-rg/providers/Microsoft.Network/publicIPAddresses/group8-linux-vm-pip-1",
            "idle_timeout_in_minutes": 4,
            "ip_address": "",
            "ip_version": "IPv4",
            "location": "canadacentral",
            "name": "group8-linux-vm-pip-1",
            "public_ip_prefix_id": null,
            "resource_group_name": "group8-assignment1-rg",
            "reverse_fqdn": null,
            "sku": "Basic",
            "tags": {
              "Environment": "assignment1 1",
              "ExpirationDate": "2021-07-31",
              "GroupMembers": "Fathima and Godwin",
              "Name": "Terraform Group Project"
            },
            "timeouts": null,
            "zones": null
          },
          "sensitive_attributes": [],
          "private": "eyJlMmJmYjczMC1lY2FhLTExZTYtOGY4OC0zNDM2M2JjN2M0YzAiOnsiY3JlYXRlIjoxODAwMDAwMDAwMDAwLCJkZWxldGUiOjE4MDAwMDAwMDAwMDAsInJlYWQiOjMwMDAwMDAwMDAwMCwidXBkYXRlIjoxODAwMDAwMDAwMDAwfX0=",
          "dependencies": [
            "module.resource_group.azurerm_resource_group.rgp1"
          ]
        },
        {
          "index_key": 1,
          "schema_version": 0,
          "attributes": {
            "allocation_method": "Dynamic",
            "domain_name_label": null,
            "fqdn": null,
            "id": "/subscriptions/a66e4b04-0385-474f-b82c-f588235d405a/resourceGroups/group8-assignment1-rg/providers/Microsoft.Network/publicIPAddresses/group8-linux-vm-pip-2",
            "idle_timeout_in_minutes": 4,
            "ip_address": "",
            "ip_version": "IPv4",
            "location": "canadacentral",
            "name": "group8-linux-vm-pip-2",
            "public_ip_prefix_id": null,
            "resource_group_name": "group8-assignment1-rg",
            "reverse_fqdn": null,
            "sku": "Basic",
            "tags": {
              "Environment": "assignment1 1",
              "ExpirationDate": "2021-07-31",
              "GroupMembers": "Fathima and Godwin",
              "Name": "Terraform Group Project"
            },
            "timeouts": null,
            "zones": null
          },
          "sensitive_attributes": [],
          "private": "eyJlMmJmYjczMC1lY2FhLTExZTYtOGY4OC0zNDM2M2JjN2M0YzAiOnsiY3JlYXRlIjoxODAwMDAwMDAwMDAwLCJkZWxldGUiOjE4MDAwMDAwMDAwMDAsInJlYWQiOjMwMDAwMDAwMDAwMCwidXBkYXRlIjoxODAwMDAwMDAwMDAwfX0=",
          "dependencies": [
            "module.resource_group.azurerm_resource_group.rgp1"
          ]
        }
      ]
    },
    {
      "module": "module.linux",
      "mode": "managed",
      "type": "azurerm_virtual_machine_data_disk_attachment",
      "name": "attachedDisk",
      "provider": "provider[\"registry.terraform.io/hashicorp/azurerm\"]",
      "instances": [
        {
          "index_key": 0,
          "schema_version": 0,
          "attributes": {
            "caching": "ReadWrite",
            "create_option": "Attach",
            "id": "/subscriptions/a66e4b04-0385-474f-b82c-f588235d405a/resourceGroups/group8-assignment1-rg/providers/Microsoft.Compute/virtualMachines/group8-linux-vm1/dataDisks/linux-vm-disk",
            "lun": 10,
            "managed_disk_id": "/subscriptions/a66e4b04-0385-474f-b82c-f588235d405a/resourceGroups/group8-assignment1-rg/providers/Microsoft.Compute/disks/linux-vm-disk",
            "timeouts": null,
            "virtual_machine_id": "/subscriptions/a66e4b04-0385-474f-b82c-f588235d405a/resourceGroups/group8-assignment1-rg/providers/Microsoft.Compute/virtualMachines/group8-linux-vm1",
            "write_accelerator_enabled": false
          },
          "sensitive_attributes": [],
          "private": "eyJlMmJmYjczMC1lY2FhLTExZTYtOGY4OC0zNDM2M2JjN2M0YzAiOnsiY3JlYXRlIjoxODAwMDAwMDAwMDAwLCJkZWxldGUiOjE4MDAwMDAwMDAwMDAsInJlYWQiOjMwMDAwMDAwMDAwMCwidXBkYXRlIjoxODAwMDAwMDAwMDAwfX0=",
          "dependencies": [
            "module.linux.azurerm_availability_set.av_set",
            "module.linux.azurerm_linux_virtual_machine.linuxvm1",
            "module.linux.azurerm_managed_disk.linuxmanage_disk",
            "module.linux.azurerm_network_interface.vm1_nic",
            "module.linux.azurerm_public_ip.vm1_pip",
            "module.network.azurerm_subnet.subnet1",
            "module.network.azurerm_virtual_network.vnet1",
            "module.resource_group.azurerm_resource_group.rgp1"
          ]
        }
      ]
    },
    {
      "module": "module.linux",
      "mode": "managed",
      "type": "null_resource",
      "name": "linux_provisioner",
      "provider": "provider[\"registry.terraform.io/hashicorp/null\"]",
      "instances": [
        {
          "index_key": 0,
          "schema_version": 0,
          "attributes": {
            "id": "518557373571328070",
            "triggers": {
              "network_interface_ids": "/subscriptions/a66e4b04-0385-474f-b82c-f588235d405a/resourceGroups/group8-assignment1-rg/providers/Microsoft.Network/networkInterfaces/group8-linux-vm-nic-1,/subscriptions/a66e4b04-0385-474f-b82c-f588235d405a/resourceGroups/group8-assignment1-rg/providers/Microsoft.Network/networkInterfaces/group8-linux-vm-nic-2"
            }
          },
          "sensitive_attributes": [],
          "private": "bnVsbA==",
          "dependencies": [
            "module.linux.azurerm_availability_set.av_set",
            "module.linux.azurerm_linux_virtual_machine.linuxvm1",
            "module.linux.azurerm_network_interface.vm1_nic",
            "module.linux.azurerm_public_ip.vm1_pip",
            "module.network.azurerm_subnet.subnet1",
            "module.network.azurerm_virtual_network.vnet1",
            "module.resource_group.azurerm_resource_group.rgp1"
          ]
        },
        {
          "index_key": 1,
          "schema_version": 0,
          "attributes": {
            "id": "8042894838115327513",
            "triggers": {
              "network_interface_ids": "/subscriptions/a66e4b04-0385-474f-b82c-f588235d405a/resourceGroups/group8-assignment1-rg/providers/Microsoft.Network/networkInterfaces/group8-linux-vm-nic-1,/subscriptions/a66e4b04-0385-474f-b82c-f588235d405a/resourceGroups/group8-assignment1-rg/providers/Microsoft.Network/networkInterfaces/group8-linux-vm-nic-2"
            }
          },
          "sensitive_attributes": [],
          "private": "bnVsbA==",
          "dependencies": [
            "module.linux.azurerm_availability_set.av_set",
            "module.linux.azurerm_linux_virtual_machine.linuxvm1",
            "module.linux.azurerm_network_interface.vm1_nic",
            "module.linux.azurerm_public_ip.vm1_pip",
            "module.network.azurerm_subnet.subnet1",
            "module.network.azurerm_virtual_network.vnet1",
            "module.resource_group.azurerm_resource_group.rgp1"
          ]
        }
      ]
    },
    {
      "module": "module.loadbalancer",
      "mode": "managed",
      "type": "azurerm_lb",
      "name": "loadbalancer",
      "provider": "provider[\"registry.terraform.io/hashicorp/azurerm\"]",
      "instances": []
    },
    {
      "module": "module.loadbalancer",
      "mode": "managed",
      "type": "azurerm_lb_backend_address_pool",
      "name": "addresspool",
      "provider": "provider[\"registry.terraform.io/hashicorp/azurerm\"]",
      "instances": []
    },
    {
      "module": "module.loadbalancer",
      "mode": "managed",
      "type": "azurerm_lb_probe",
      "name": "lbprobe",
      "provider": "provider[\"registry.terraform.io/hashicorp/azurerm\"]",
      "instances": []
    },
    {
      "module": "module.loadbalancer",
      "mode": "managed",
      "type": "azurerm_lb_rule",
      "name": "lbrule",
      "provider": "provider[\"registry.terraform.io/hashicorp/azurerm\"]",
      "instances": []
    },
    {
      "module": "module.loadbalancer",
      "mode": "managed",
      "type": "azurerm_network_interface_backend_address_pool_association",
      "name": "backend",
      "provider": "provider[\"registry.terraform.io/hashicorp/azurerm\"]",
      "instances": []
    },
    {
      "module": "module.network",
      "mode": "managed",
      "type": "azurerm_network_security_group",
      "name": "nsg1",
      "provider": "provider[\"registry.terraform.io/hashicorp/azurerm\"]",
      "instances": [
        {
          "schema_version": 0,
          "attributes": {
            "id": "/subscriptions/a66e4b04-0385-474f-b82c-f588235d405a/resourceGroups/group8-assignment1-rg/providers/Microsoft.Network/networkSecurityGroups/lab01-nsg1",
            "location": "canadacentral",
            "name": "lab01-nsg1",
            "resource_group_name": "group8-assignment1-rg",
            "security_rule": [
              {
                "access": "Allow",
                "description": "",
                "destination_address_prefix": "*",
                "destination_address_prefixes": [],
                "destination_application_security_group_ids": [],
                "destination_port_range": "22",
                "destination_port_ranges": [],
                "direction": "Inbound",
                "name": "rule1",
                "priority": 100,
                "protocol": "Tcp",
                "source_address_prefix": "*",
                "source_address_prefixes": [],
                "source_application_security_group_ids": [],
                "source_port_range": "*",
                "source_port_ranges": []
              }
            ],
            "tags": null,
            "timeouts": null
          },
          "sensitive_attributes": [],
          "private": "eyJlMmJmYjczMC1lY2FhLTExZTYtOGY4OC0zNDM2M2JjN2M0YzAiOnsiY3JlYXRlIjoxODAwMDAwMDAwMDAwLCJkZWxldGUiOjE4MDAwMDAwMDAwMDAsInJlYWQiOjMwMDAwMDAwMDAwMCwidXBkYXRlIjoxODAwMDAwMDAwMDAwfX0=",
          "dependencies": [
            "module.resource_group.azurerm_resource_group.rgp1"
          ]
        }
      ]
    },
    {
      "module": "module.network",
      "mode": "managed",
      "type": "azurerm_subnet",
      "name": "subnet1",
      "provider": "provider[\"registry.terraform.io/hashicorp/azurerm\"]",
      "instances": [
        {
          "schema_version": 0,
          "attributes": {
            "address_prefix": "10.0.2.0/24",
            "address_prefixes": [
              "10.0.2.0/24"
            ],
            "delegation": [],
            "enforce_private_link_endpoint_network_policies": false,
            "enforce_private_link_service_network_policies": false,
            "id": "/subscriptions/a66e4b04-0385-474f-b82c-f588235d405a/resourceGroups/group8-assignment1-rg/providers/Microsoft.Network/virtualNetworks/network-vnet/subnets/lab01-subnet1",
            "name": "lab01-subnet1",
            "resource_group_name": "group8-assignment1-rg",
            "service_endpoints": null,
            "timeouts": null,
            "virtual_network_name": "network-vnet"
          },
          "sensitive_attributes": [],
          "private": "eyJlMmJmYjczMC1lY2FhLTExZTYtOGY4OC0zNDM2M2JjN2M0YzAiOnsiY3JlYXRlIjoxODAwMDAwMDAwMDAwLCJkZWxldGUiOjE4MDAwMDAwMDAwMDAsInJlYWQiOjMwMDAwMDAwMDAwMCwidXBkYXRlIjoxODAwMDAwMDAwMDAwfX0=",
          "dependencies": [
            "module.network.azurerm_virtual_network.vnet1",
            "module.resource_group.azurerm_resource_group.rgp1"
          ]
        }
      ]
    },
    {
      "module": "module.network",
      "mode": "managed",
      "type": "azurerm_subnet_network_security_group_association",
      "name": "snsga",
      "provider": "provider[\"registry.terraform.io/hashicorp/azurerm\"]",
      "instances": [
        {
          "schema_version": 0,
          "attributes": {
            "id": "/subscriptions/a66e4b04-0385-474f-b82c-f588235d405a/resourceGroups/group8-assignment1-rg/providers/Microsoft.Network/virtualNetworks/network-vnet/subnets/lab01-subnet1",
            "network_security_group_id": "/subscriptions/a66e4b04-0385-474f-b82c-f588235d405a/resourceGroups/group8-assignment1-rg/providers/Microsoft.Network/networkSecurityGroups/lab01-nsg1",
            "subnet_id": "/subscriptions/a66e4b04-0385-474f-b82c-f588235d405a/resourceGroups/group8-assignment1-rg/providers/Microsoft.Network/virtualNetworks/network-vnet/subnets/lab01-subnet1",
            "timeouts": null
          },
          "sensitive_attributes": [],
          "private": "eyJlMmJmYjczMC1lY2FhLTExZTYtOGY4OC0zNDM2M2JjN2M0YzAiOnsiY3JlYXRlIjoxODAwMDAwMDAwMDAwLCJkZWxldGUiOjE4MDAwMDAwMDAwMDAsInJlYWQiOjMwMDAwMDAwMDAwMCwidXBkYXRlIjoxODAwMDAwMDAwMDAwfX0=",
          "dependencies": [
            "module.network.azurerm_network_security_group.nsg1",
            "module.network.azurerm_subnet.subnet1",
            "module.network.azurerm_virtual_network.vnet1",
            "module.resource_group.azurerm_resource_group.rgp1"
          ]
        }
      ]
    },
    {
      "module": "module.network",
      "mode": "managed",
      "type": "azurerm_virtual_network",
      "name": "vnet1",
      "provider": "provider[\"registry.terraform.io/hashicorp/azurerm\"]",
      "instances": [
        {
          "schema_version": 0,
          "attributes": {
            "address_space": [
              "10.0.0.0/16"
            ],
            "bgp_community": "",
            "ddos_protection_plan": [],
            "dns_servers": null,
            "guid": "e48ecf23-ef7e-4385-9a50-8f94af1b4181",
            "id": "/subscriptions/a66e4b04-0385-474f-b82c-f588235d405a/resourceGroups/group8-assignment1-rg/providers/Microsoft.Network/virtualNetworks/network-vnet",
            "location": "canadacentral",
            "name": "network-vnet",
            "resource_group_name": "group8-assignment1-rg",
            "subnet": [],
            "tags": null,
            "timeouts": null,
            "vm_protection_enabled": false
          },
          "sensitive_attributes": [],
          "private": "eyJlMmJmYjczMC1lY2FhLTExZTYtOGY4OC0zNDM2M2JjN2M0YzAiOnsiY3JlYXRlIjoxODAwMDAwMDAwMDAwLCJkZWxldGUiOjE4MDAwMDAwMDAwMDAsInJlYWQiOjMwMDAwMDAwMDAwMCwidXBkYXRlIjoxODAwMDAwMDAwMDAwfX0=",
          "dependencies": [
            "module.resource_group.azurerm_resource_group.rgp1"
          ]
        }
      ]
    },
    {
      "module": "module.resource_group",
      "mode": "managed",
      "type": "azurerm_resource_group",
      "name": "rgp1",
      "provider": "provider[\"registry.terraform.io/hashicorp/azurerm\"]",
      "instances": [
        {
          "schema_version": 0,
          "attributes": {
            "id": "/subscriptions/a66e4b04-0385-474f-b82c-f588235d405a/resourceGroups/group8-assignment1-rg",
            "location": "canadacentral",
            "name": "group8-assignment1-rg",
            "tags": null,
            "timeouts": null
          },
          "sensitive_attributes": [],
          "private": "eyJlMmJmYjczMC1lY2FhLTExZTYtOGY4OC0zNDM2M2JjN2M0YzAiOnsiY3JlYXRlIjo1NDAwMDAwMDAwMDAwLCJkZWxldGUiOjU0MDAwMDAwMDAwMDAsInJlYWQiOjMwMDAwMDAwMDAwMCwidXBkYXRlIjo1NDAwMDAwMDAwMDAwfX0="
        }
      ]
    },
    {
      "module": "module.window",
      "mode": "managed",
      "type": "azurerm_availability_set",
      "name": "win_avs",
      "provider": "provider[\"registry.terraform.io/hashicorp/azurerm\"]",
      "instances": [
        {
          "schema_version": 0,
          "attributes": {
            "id": "/subscriptions/a66e4b04-0385-474f-b82c-f588235d405a/resourceGroups/group8-assignment1-rg/providers/Microsoft.Compute/availabilitySets/windows-avs",
            "location": "canadacentral",
            "managed": true,
            "name": "windows-avs",
            "platform_fault_domain_count": 2,
            "platform_update_domain_count": 5,
            "proximity_placement_group_id": null,
            "resource_group_name": "group8-assignment1-rg",
            "tags": null,
            "timeouts": null
          },
          "sensitive_attributes": [],
          "private": "eyJlMmJmYjczMC1lY2FhLTExZTYtOGY4OC0zNDM2M2JjN2M0YzAiOnsiY3JlYXRlIjoxODAwMDAwMDAwMDAwLCJkZWxldGUiOjE4MDAwMDAwMDAwMDAsInJlYWQiOjMwMDAwMDAwMDAwMCwidXBkYXRlIjoxODAwMDAwMDAwMDAwfX0=",
          "dependencies": [
            "module.resource_group.azurerm_resource_group.rgp1"
          ]
        }
      ]
    },
    {
      "module": "module.window",
      "mode": "managed",
      "type": "azurerm_managed_disk",
      "name": "winmanage_disk",
      "provider": "provider[\"registry.terraform.io/hashicorp/azurerm\"]",
      "instances": [
        {
          "schema_version": 0,
          "attributes": {
            "create_option": "Empty",
            "disk_encryption_set_id": "",
            "disk_iops_read_write": 500,
            "disk_mbps_read_write": 60,
            "disk_size_gb": 10,
            "encryption_settings": [],
            "id": "/subscriptions/a66e4b04-0385-474f-b82c-f588235d405a/resourceGroups/group8-assignment1-rg/providers/Microsoft.Compute/disks/windiskname",
            "image_reference_id": "",
            "location": "canadacentral",
            "name": "windiskname",
            "os_type": "",
            "resource_group_name": "group8-assignment1-rg",
            "source_resource_id": "",
            "source_uri": "",
            "storage_account_id": "",
            "storage_account_type": "Standard_LRS",
            "tags": null,
            "timeouts": null,
            "zones": null
          },
          "sensitive_attributes": [],
          "private": "eyJlMmJmYjczMC1lY2FhLTExZTYtOGY4OC0zNDM2M2JjN2M0YzAiOnsiY3JlYXRlIjoxODAwMDAwMDAwMDAwLCJkZWxldGUiOjE4MDAwMDAwMDAwMDAsInJlYWQiOjMwMDAwMDAwMDAwMCwidXBkYXRlIjoxODAwMDAwMDAwMDAwfX0=",
          "dependencies": [
            "module.resource_group.azurerm_resource_group.rgp1"
          ]
        }
      ]
    },
    {
      "module": "module.window",
      "mode": "managed",
      "type": "azurerm_network_interface",
      "name": "win_nic",
      "provider": "provider[\"registry.terraform.io/hashicorp/azurerm\"]",
      "instances": [
        {
          "index_key": "group8-w-vm",
          "schema_version": 0,
          "attributes": {
            "applied_dns_servers": [],
            "dns_servers": [],
            "enable_accelerated_networking": false,
            "enable_ip_forwarding": false,
            "id": "/subscriptions/a66e4b04-0385-474f-b82c-f588235d405a/resourceGroups/group8-assignment1-rg/providers/Microsoft.Network/networkInterfaces/group8-w-vm-nic",
            "internal_dns_name_label": "",
            "internal_domain_name_suffix": "ephy3zd434cuhgsqr4kk4g0bqb.ux.internal.cloudapp.net",
            "ip_configuration": [
              {
                "name": "group8-w-vm",
                "primary": true,
                "private_ip_address": "10.0.2.4",
                "private_ip_address_allocation": "Dynamic",
                "private_ip_address_version": "IPv4",
                "public_ip_address_id": "/subscriptions/a66e4b04-0385-474f-b82c-f588235d405a/resourceGroups/group8-assignment1-rg/providers/Microsoft.Network/publicIPAddresses/group8-w-vm-pip",
                "subnet_id": "/subscriptions/a66e4b04-0385-474f-b82c-f588235d405a/resourceGroups/group8-assignment1-rg/providers/Microsoft.Network/virtualNetworks/network-vnet/subnets/lab01-subnet1"
              }
            ],
            "location": "canadacentral",
            "mac_address": "",
            "name": "group8-w-vm-nic",
            "private_ip_address": "10.0.2.4",
            "private_ip_addresses": [
              "10.0.2.4"
            ],
            "resource_group_name": "group8-assignment1-rg",
            "tags": {
              "Environment": "assignment1 1",
              "ExpirationDate": "2021-07-31",
              "GroupMembers": "Fathima and Godwin",
              "Name": "Terraform Group Project"
            },
            "timeouts": null,
            "virtual_machine_id": ""
          },
          "sensitive_attributes": [],
          "private": "eyJlMmJmYjczMC1lY2FhLTExZTYtOGY4OC0zNDM2M2JjN2M0YzAiOnsiY3JlYXRlIjoxODAwMDAwMDAwMDAwLCJkZWxldGUiOjE4MDAwMDAwMDAwMDAsInJlYWQiOjMwMDAwMDAwMDAwMCwidXBkYXRlIjoxODAwMDAwMDAwMDAwfX0=",
          "dependencies": [
            "module.network.azurerm_subnet.subnet1",
            "module.network.azurerm_virtual_network.vnet1",
            "module.resource_group.azurerm_resource_group.rgp1",
            "module.window.azurerm_public_ip.win_pub_ip"
          ]
        }
      ]
    },
    {
      "module": "module.window",
      "mode": "managed",
      "type": "azurerm_public_ip",
      "name": "win_pub_ip",
      "provider": "provider[\"registry.terraform.io/hashicorp/azurerm\"]",
      "instances": [
        {
          "index_key": "group8-w-vm",
          "schema_version": 0,
          "attributes": {
            "allocation_method": "Dynamic",
            "domain_name_label": null,
            "fqdn": null,
            "id": "/subscriptions/a66e4b04-0385-474f-b82c-f588235d405a/resourceGroups/group8-assignment1-rg/providers/Microsoft.Network/publicIPAddresses/group8-w-vm-pip",
            "idle_timeout_in_minutes": 4,
            "ip_address": "",
            "ip_version": "IPv4",
            "location": "canadacentral",
            "name": "group8-w-vm-pip",
            "public_ip_prefix_id": null,
            "resource_group_name": "group8-assignment1-rg",
            "reverse_fqdn": null,
            "sku": "Basic",
            "tags": {
              "Environment": "assignment1 1",
              "ExpirationDate": "2021-07-31",
              "GroupMembers": "Fathima and Godwin",
              "Name": "Terraform Group Project"
            },
            "timeouts": null,
            "zones": null
          },
          "sensitive_attributes": [],
          "private": "eyJlMmJmYjczMC1lY2FhLTExZTYtOGY4OC0zNDM2M2JjN2M0YzAiOnsiY3JlYXRlIjoxODAwMDAwMDAwMDAwLCJkZWxldGUiOjE4MDAwMDAwMDAwMDAsInJlYWQiOjMwMDAwMDAwMDAwMCwidXBkYXRlIjoxODAwMDAwMDAwMDAwfX0=",
          "dependencies": [
            "module.resource_group.azurerm_resource_group.rgp1"
          ]
        }
      ]
    },
    {
      "module": "module.window",
      "mode": "managed",
      "type": "azurerm_virtual_machine_data_disk_attachment",
      "name": "attachedDisk",
      "provider": "provider[\"registry.terraform.io/hashicorp/azurerm\"]",
      "instances": [
        {
          "index_key": "group8-w-vm",
          "schema_version": 0,
          "attributes": {
            "caching": "ReadWrite",
            "create_option": "Attach",
            "id": "/subscriptions/a66e4b04-0385-474f-b82c-f588235d405a/resourceGroups/group8-assignment1-rg/providers/Microsoft.Compute/virtualMachines/group8-w-vm/dataDisks/windiskname",
            "lun": 10,
            "managed_disk_id": "/subscriptions/a66e4b04-0385-474f-b82c-f588235d405a/resourceGroups/group8-assignment1-rg/providers/Microsoft.Compute/disks/windiskname",
            "timeouts": null,
            "virtual_machine_id": "/subscriptions/a66e4b04-0385-474f-b82c-f588235d405a/resourceGroups/group8-assignment1-rg/providers/Microsoft.Compute/virtualMachines/group8-w-vm",
            "write_accelerator_enabled": false
          },
          "sensitive_attributes": [],
          "private": "eyJlMmJmYjczMC1lY2FhLTExZTYtOGY4OC0zNDM2M2JjN2M0YzAiOnsiY3JlYXRlIjoxODAwMDAwMDAwMDAwLCJkZWxldGUiOjE4MDAwMDAwMDAwMDAsInJlYWQiOjMwMDAwMDAwMDAwMCwidXBkYXRlIjoxODAwMDAwMDAwMDAwfX0=",
          "dependencies": [
            "module.network.azurerm_subnet.subnet1",
            "module.network.azurerm_virtual_network.vnet1",
            "module.resource_group.azurerm_resource_group.rgp1",
            "module.window.azurerm_availability_set.win_avs",
            "module.window.azurerm_managed_disk.winmanage_disk",
            "module.window.azurerm_network_interface.win_nic",
            "module.window.azurerm_public_ip.win_pub_ip",
            "module.window.azurerm_windows_virtual_machine.win_vm"
          ]
        }
      ]
    },
    {
      "module": "module.window",
      "mode": "managed",
      "type": "azurerm_virtual_machine_extension",
      "name": "vmantivirus",
      "provider": "provider[\"registry.terraform.io/hashicorp/azurerm\"]",
      "instances": [
        {
          "index_key": "group8-w-vm",
          "schema_version": 0,
          "attributes": {
            "auto_upgrade_minor_version": true,
            "id": "/subscriptions/a66e4b04-0385-474f-b82c-f588235d405a/resourceGroups/group8-assignment1-rg/providers/Microsoft.Compute/virtualMachines/group8-w-vm/extensions/vmantivirus",
            "name": "vmantivirus",
            "protected_settings": null,
            "publisher": "Microsoft.Azure.Security",
            "settings": "{\"AntimalwareEnabled\":true,\"Exclusions\":{\"Extensions\":\"\",\"Paths\":\"\",\"Processes\":\"\"},\"RealtimeProtectionEnabled\":\"true\",\"ScheduledScanSettings\":{\"day\":\"1\",\"isEnabled\":\"true\",\"scanType\":\"Quick\",\"time\":\"120\"}}",
            "tags": null,
            "timeouts": null,
            "type": "IaaSAntimalware",
            "type_handler_version": "1.3",
            "virtual_machine_id": "/subscriptions/a66e4b04-0385-474f-b82c-f588235d405a/resourceGroups/group8-assignment1-rg/providers/Microsoft.Compute/virtualMachines/group8-w-vm"
          },
          "sensitive_attributes": [],
          "private": "eyJlMmJmYjczMC1lY2FhLTExZTYtOGY4OC0zNDM2M2JjN2M0YzAiOnsiY3JlYXRlIjoxODAwMDAwMDAwMDAwLCJkZWxldGUiOjE4MDAwMDAwMDAwMDAsInJlYWQiOjMwMDAwMDAwMDAwMCwidXBkYXRlIjoxODAwMDAwMDAwMDAwfX0=",
          "dependencies": [
            "module.network.azurerm_subnet.subnet1",
            "module.network.azurerm_virtual_network.vnet1",
            "module.resource_group.azurerm_resource_group.rgp1",
            "module.window.azurerm_availability_set.win_avs",
            "module.window.azurerm_network_interface.win_nic",
            "module.window.azurerm_public_ip.win_pub_ip",
            "module.window.azurerm_windows_virtual_machine.win_vm"
          ]
        }
      ]
    },
    {
      "module": "module.window",
      "mode": "managed",
      "type": "azurerm_windows_virtual_machine",
      "name": "win_vm",
      "provider": "provider[\"registry.terraform.io/hashicorp/azurerm\"]",
      "instances": [
        {
          "index_key": "group8-w-vm",
          "schema_version": 0,
          "attributes": {
            "additional_capabilities": [],
            "additional_unattend_content": [],
            "admin_password": "P@ssw0rd123",
            "admin_username": "windowusers1",
            "allow_extension_operations": true,
            "availability_set_id": "/subscriptions/a66e4b04-0385-474f-b82c-f588235d405a/resourceGroups/group8-assignment1-rg/providers/Microsoft.Compute/availabilitySets/WINDOWS-AVS",
            "boot_diagnostics": [],
            "computer_name": "group8-w-vm",
            "custom_data": null,
            "dedicated_host_id": "",
            "enable_automatic_updates": true,
            "encryption_at_host_enabled": false,
            "eviction_policy": "",
            "extensions_time_budget": "PT1H30M",
            "id": "/subscriptions/a66e4b04-0385-474f-b82c-f588235d405a/resourceGroups/group8-assignment1-rg/providers/Microsoft.Compute/virtualMachines/group8-w-vm",
            "identity": [],
            "license_type": "",
            "location": "canadacentral",
            "max_bid_price": -1,
            "name": "group8-w-vm",
            "network_interface_ids": [
              "/subscriptions/a66e4b04-0385-474f-b82c-f588235d405a/resourceGroups/group8-assignment1-rg/providers/Microsoft.Network/networkInterfaces/group8-w-vm-nic"
            ],
            "os_disk": [
              {
                "caching": "ReadWrite",
                "diff_disk_settings": [],
                "disk_encryption_set_id": "",
                "disk_size_gb": 127,
                "name": "group8-w-vm-os-disk",
                "storage_account_type": "StandardSSD_LRS",
                "write_accelerator_enabled": false
              }
            ],
            "patch_mode": "AutomaticByOS",
            "plan": [],
            "priority": "Regular",
            "private_ip_address": "10.0.2.4",
            "private_ip_addresses": [
              "10.0.2.4"
            ],
            "provision_vm_agent": true,
            "proximity_placement_group_id": "",
            "public_ip_address": "20.104.26.119",
            "public_ip_addresses": [
              "20.104.26.119"
            ],
            "resource_group_name": "group8-assignment1-rg",
            "secret": [],
            "size": "Standard_B1s",
            "source_image_id": "",
            "source_image_reference": [
              {
                "offer": "WindowsServer",
                "publisher": "MicrosoftWindowsServer",
                "sku": "2016-Datacenter",
                "version": "latest"
              }
            ],
            "tags": {
              "Environment": "assignment1 1",
              "ExpirationDate": "2021-07-31",
              "GroupMembers": "Fathima and Godwin",
              "Name": "Terraform Group Project"
            },
            "timeouts": null,
            "timezone": "",
            "virtual_machine_id": "6b4a1943-d30a-4935-a6e4-6c8aa32603a8",
            "virtual_machine_scale_set_id": "",
            "winrm_listener": [],
            "zone": ""
          },
          "sensitive_attributes": [],
          "private": "eyJlMmJmYjczMC1lY2FhLTExZTYtOGY4OC0zNDM2M2JjN2M0YzAiOnsiY3JlYXRlIjoyNzAwMDAwMDAwMDAwLCJkZWxldGUiOjI3MDAwMDAwMDAwMDAsInJlYWQiOjMwMDAwMDAwMDAwMCwidXBkYXRlIjoyNzAwMDAwMDAwMDAwfX0=",
          "dependencies": [
            "module.network.azurerm_subnet.subnet1",
            "module.network.azurerm_virtual_network.vnet1",
            "module.resource_group.azurerm_resource_group.rgp1",
            "module.window.azurerm_availability_set.win_avs",
            "module.window.azurerm_network_interface.win_nic",
            "module.window.azurerm_public_ip.win_pub_ip"
          ]
        }
      ]
    }
  ]
}
